{
  "name": "photoblog-upload-server-http-get-favicon_ico",
  "version": "0.1.0",
  "lockfileVersion": 1,
  "requires": true,
  "dependencies": {
    "photoblog-upload-client": {
      "version": "0.1.0",
      "requires": {
        "classnames": "^2.2.6",
        "contentful-management": "^5.9.0",
        "react": "^16.8.6",
        "react-dom": "^16.8.6",
        "react-scripts": "3.0.1"
      }
    }
  }
}
